
Microsoft Visual Studio Solution File, Format Version 12.00
# Visual Studio Version 17
VisualStudioVersion = 17.7.34221.43
MinimumVisualStudioVersion = 10.0.40219.1
Project("{9A19103F-16F7-4668-BE54-9A1E7A4F7556}") = "SimpressAPI", "SimpressAPI.csproj", "{23B576D6-87A0-4BFC-9E49-CEAE8415E40A}"
EndProject
Project("{FAE04EC0-301F-11D3-BF4B-00C04F79EFBC}") = "SimpressApp", "..\SimpressApp\SimpressApp.csproj", "{C71130E2-ED25-4866-8E72-583D9C19887F}"
EndProject
Global
	GlobalSection(SolutionConfigurationPlatforms) = preSolution
		Debug|Any CPU = Debug|Any CPU
		Release|Any CPU = Release|Any CPU
	EndGlobalSection
	GlobalSection(ProjectConfigurationPlatforms) = postSolution
		{23B576D6-87A0-4BFC-9E49-CEAE8415E40A}.Debug|Any CPU.ActiveCfg = Debug|Any CPU
		{23B576D6-87A0-4BFC-9E49-CEAE8415E40A}.Debug|Any CPU.Build.0 = Debug|Any CPU
		{23B576D6-87A0-4BFC-9E49-CEAE8415E40A}.Release|Any CPU.ActiveCfg = Release|Any CPU
		{23B576D6-87A0-4BFC-9E49-CEAE8415E40A}.Release|Any CPU.Build.0 = Release|Any CPU
		{C71130E2-ED25-4866-8E72-583D9C19887F}.Debug|Any CPU.ActiveCfg = Debug|Any CPU
		{C71130E2-ED25-4866-8E72-583D9C19887F}.Debug|Any CPU.Build.0 = Debug|Any CPU
		{C71130E2-ED25-4866-8E72-583D9C19887F}.Release|Any CPU.ActiveCfg = Release|Any CPU
		{C71130E2-ED25-4866-8E72-583D9C19887F}.Release|Any CPU.Build.0 = Release|Any CPU
	EndGlobalSection
	GlobalSection(SolutionProperties) = preSolution
		HideSolutionNode = FALSE
	EndGlobalSection
	GlobalSection(ExtensibilityGlobals) = postSolution
		SolutionGuid = {BC1FE8B1-FCE5-468E-87F0-CDCB208D18D9}
	EndGlobalSection
EndGlobal
